
Microsoft Visual Studio Solution File, Format Version 12.00
# Visual Studio Version 17
VisualStudioVersion = 17.14.36414.22 d17.14
MinimumVisualStudioVersion = 10.0.40219.1
Project("{FAE04EC0-301F-11D3-BF4B-00C04F79EFBC}") = "ConsoleApp6", "ConsoleApp6\ConsoleApp6.csproj", "{A7EBF331-16C5-424F-BFAA-4AB05CB2583E}"
EndProject
Global
	GlobalSection(SolutionConfigurationPlatforms) = preSolution
		Debug|Any CPU = Debug|Any CPU
		Release|Any CPU = Release|Any CPU
	EndGlobalSection
	GlobalSection(ProjectConfigurationPlatforms) = postSolution
		{A7EBF331-16C5-424F-BFAA-4AB05CB2583E}.Debug|Any CPU.ActiveCfg = Debug|Any CPU
		{A7EBF331-16C5-424F-BFAA-4AB05CB2583E}.Debug|Any CPU.Build.0 = Debug|Any CPU
		{A7EBF331-16C5-424F-BFAA-4AB05CB2583E}.Release|Any CPU.ActiveCfg = Release|Any CPU
		{A7EBF331-16C5-424F-BFAA-4AB05CB2583E}.Release|Any CPU.Build.0 = Release|Any CPU
	EndGlobalSection
	GlobalSection(SolutionProperties) = preSolution
		HideSolutionNode = FALSE
	EndGlobalSection
	GlobalSection(ExtensibilityGlobals) = postSolution
		SolutionGuid = {2BD1E65B-52E6-46C3-8966-E45DB85C874F}
	EndGlobalSection
EndGlobal
